<?xml version="1.0" encoding="UTF-8"?>
<Scheme
   version = "1.3">
   <BuildAction>
      <BuildActionEntries>
         <BuildActionEntry
            buildForRunning = "YES">
            <BuildableReference
               BuildableIdentifier = "primary"
               BlueprintIdentifier = "2E93CB42764C8D0C6179FC7D"
               BuildableName = "ProgressAlertView.app"
               BlueprintName = "ProgressAlertView"
               ReferencedContainer = "container:ProgressAlertView.xcodeproj">
            </BuildableReference>
         </BuildActionEntry>
      </BuildActionEntries>
   </BuildAction>
   <LaunchAction
      useCustomWorkingDirectory = "NO"
      buildConfiguration = "Debug">
      <BuildableProductRunnable>
         <BuildableReference
            BuildableIdentifier = "primary"
            BlueprintIdentifier = "2E93CB42764C8D0C6179FC7D"
            BuildableName = "ProgressAlertView.app"
            BlueprintName = "ProgressAlertView"
            ReferencedContainer = "container:ProgressAlertView.xcodeproj">
         </BuildableReference>
      </BuildableProductRunnable>
   </LaunchAction>
</Scheme>
